// !$*UTF8*$!
{
	archiveVersion = 1;
	classes = {
	};
	objectVersion = 50;
	objects = {

/* Begin PBXBuildFile section */
		70438481219CFF5C00B6F67C /* AppDelegate.swift in Sources */ = {isa = PBXBuildFile; fileRef = 70438480219CFF5C00B6F67C /* AppDelegate.swift */; };
		70438483219CFF5C00B6F67C /* ViewController.swift in Sources */ = {isa = PBXBuildFile; fileRef = 70438482219CFF5C00B6F67C /* ViewController.swift */; };
		70438486219CFF5C00B6F67C /* Main.storyboard in Resources */ = {isa = PBXBuildFile; fileRef = 70438484219CFF5C00B6F67C /* Main.storyboard */; };
		70438488219CFF6000B6F67C /* Assets.xcassets in Resources */ = {isa = PBXBuildFile; fileRef = 70438487219CFF6000B6F67C /* Assets.xcassets */; };
		7043848B219CFF6000B6F67C /* LaunchScreen.storyboard in Resources */ = {isa = PBXBuildFile; fileRef = 70438489219CFF6000B6F67C /* LaunchScreen.storyboard */; };
		70438494219CFF9900B6F67C /* EncryptTools.swift in Sources */ = {isa = PBXBuildFile; fileRef = 70438493219CFF9900B6F67C /* EncryptTools.swift */; };
/* End PBXBuildFile section */

/* Begin PBXFileReference section */
		7043847D219CFF5C00B6F67C /* EncryptTools.app */ = {isa = PBXFileReference; explicitFileType = wrapper.application; includeInIndex = 0; path = EncryptTools.app; sourceTree = BUILT_PRODUCTS_DIR; };
		70438480219CFF5C00B6F67C /* AppDelegate.swift */ = {isa = PBXFileReference; lastKnownFileType = sourcecode.swift; path = AppDelegate.swift; sourceTree = "<group>"; };
		70438482219CFF5C00B6F67C /* ViewController.swift */ = {isa = PBXFileReference; lastKnownFileType = sourcecode.swift; path = ViewController.swift; sourceTree = "<group>"; };
		70438485219CFF5C00B6F67C /* Base */ = {isa = PBXFileReference; lastKnownFileType = file.storyboard; name = Base; path = Base.lproj/Main.storyboard; sourceTree = "<group>"; };
		70438487219CFF6000B6F67C /* Assets.xcassets */ = {isa = PBXFileReference; lastKnownFileType = folder.assetcatalog; path = Assets.xcassets; sourceTree = "<group>"; };
		7043848A219CFF6000B6F67C /* Base */ = {isa = PBXFileReference; lastKnownFileType = file.storyboard; name = Base; path = Base.lproj/LaunchScreen.storyboard; sourceTree = "<group>"; };
		7043848C219CFF6000B6F67C /* Info.plist */ = {isa = PBXFileReference; lastKnownFileType = text.plist.xml; path = Info.plist; sourceTree = "<group>"; };
		70438493219CFF9900B6F67C /* EncryptTools.swift */ = {isa = PBXFileReference; fileEncoding = 4; lastKnownFileType = sourcecode.swift; path = EncryptTools.swift; sourceTree = "<group>"; };
		70438495219D005E00B6F67C /* EncryptTools-Bridging-Header.h */ = {isa = PBXFileReference; lastKnownFileType = sourcecode.c.h; path = "EncryptTools-Bridging-Header.h"; sourceTree = "<group>"; };
/* End PBXFileReference section */

/* Begin PBXFrameworksBuildPhase section */
		7043847A219CFF5C00B6F67C /* Frameworks */ = {
			isa = PBXFrameworksBuildPhase;
			buildActionMask = 2147483647;
			files = (
			);
			runOnlyForDeploymentPostprocessing = 0;
		};
/* End PBXFrameworksBuildPhase section */

/* Begin PBXGroup section */
		70438474219CFF5C00B6F67C = {
			isa = PBXGroup;
			children = (
				7043847F219CFF5C00B6F67C /* EncryptTools */,
				7043847E219CFF5C00B6F67C /* Products */,
			);
			sourceTree = "<group>";
		};
		7043847E219CFF5C00B6F67C /* Products */ = {
			isa = PBXGroup;
			children = (
				7043847D219CFF5C00B6F67C /* EncryptTools.app */,
			);
			name = Products;
			sourceTree = "<group>";
		};
		7043847F219CFF5C00B6F67C /* EncryptTools */ = {
			isa = PBXGroup;
			children = (
				70438492219CFF7700B6F67C /* EncryptTools */,
				70438480219CFF5C00B6F67C /* AppDelegate.swift */,
				70438482219CFF5C00B6F67C /* ViewController.swift */,
				70438484219CFF5C00B6F67C /* Main.storyboard */,
				70438487219CFF6000B6F67C /* Assets.xcassets */,
				70438489219CFF6000B6F67C /* LaunchScreen.storyboard */,
				7043848C219CFF6000B6F67C /* Info.plist */,
			);
			path = EncryptTools;
			sourceTree = "<group>";
		};
		70438492219CFF7700B6F67C /* EncryptTools */ = {
			isa = PBXGroup;
			children = (
				70438493219CFF9900B6F67C /* EncryptTools.swift */,
				70438495219D005E00B6F67C /* EncryptTools-Bridging-Header.h */,
			);
			path = EncryptTools;
			sourceTree = "<group>";
		};
/* End PBXGroup section */

/* Begin PBXNativeTarget section */
		7043847C219CFF5C00B6F67C /* EncryptTools */ = {
			isa = PBXNativeTarget;
			buildConfigurationList = 7043848F219CFF6000B6F67C /* Build configuration list for PBXNativeTarget "EncryptTools" */;
			buildPhases = (
				70438479219CFF5C00B6F67C /* Sources */,
				7043847A219CFF5C00B6F67C /* Frameworks */,
				7043847B219CFF5C00B6F67C /* Resources */,
			);
			buildRules = (
			);
			dependencies = (
			);
			name = EncryptTools;
			productName = EncryptTools;
			productReference = 7043847D219CFF5C00B6F67C /* EncryptTools.app */;
			productType = "com.apple.product-type.application";
		};
/* End PBXNativeTarget section */

/* Begin PBXProject section */
		70438475219CFF5C00B6F67C /* Project object */ = {
			isa = PBXProject;
			attributes = {
				LastSwiftUpdateCheck = 1010;
				LastUpgradeCheck = 1010;
				ORGANIZATIONNAME = AndyCuiYTT;
				TargetAttributes = {
					7043847C219CFF5C00B6F67C = {
						CreatedOnToolsVersion = 10.1;
						LastSwiftMigration = 1010;
					};
				};
			};
			buildConfigurationList = 70438478219CFF5C00B6F67C /* Build configuration list for PBXProject "EncryptTools" */;
			compatibilityVersion = "Xcode 9.3";
			developmentRegion = en;
			hasScannedForEncodings = 0;
			knownRegions = (
				en,
				Base,
			);
			mainGroup = 70438474219CFF5C00B6F67C;
			productRefGroup = 7043847E219CFF5C00B6F67C /* Products */;
			projectDirPath = "";
			projectRoot = "";
			targets = (
				7043847C219CFF5C00B6F67C /* EncryptTools */,
			);
		};
/* End PBXProject section */

/* Begin PBXResourcesBuildPhase section */
		7043847B219CFF5C00B6F67C /* Resources */ = {
			isa = PBXResourcesBuildPhase;
			buildActionMask = 2147483647;
			files = (
				7043848B219CFF6000B6F67C /* LaunchScreen.storyboard in Resources */,
				70438488219CFF6000B6F67C /* Assets.xcassets in Resources */,
				70438486219CFF5C00B6F67C /* Main.storyboard in Resources */,
			);
			runOnlyForDeploymentPostprocessing = 0;
		};
/* End PBXResourcesBuildPhase section */

/* Begin PBXSourcesBuildPhase section */
		70438479219CFF5C00B6F67C /* Sources */ = {
			isa = PBXSourcesBuildPhase;
			buildActionMask = 2147483647;
			files = (
				70438494219CFF9900B6F67C /* EncryptTools.swift in Sources */,
				70438483219CFF5C00B6F67C /* ViewController.swift in Sources */,
				70438481219CFF5C00B6F67C /* AppDelegate.swift in Sources */,
			);
			runOnlyForDeploymentPostprocessing = 0;
		};
/* End PBXSourcesBuildPhase section */

/* Begin PBXVariantGroup section */
		70438484219CFF5C00B6F67C /* Main.storyboard */ = {
			isa = PBXVariantGroup;
			children = (
				70438485219CFF5C00B6F67C /* Base */,
			);
			name = Main.storyboard;
			sourceTree = "<group>";
		};
		70438489219CFF6000B6F67C /* LaunchScreen.storyboard */ = {
			isa = PBXVariantGroup;
			children = (
				7043848A219CFF6000B6F67C /* Base */,
			);
			name = LaunchScreen.storyboard;
			sourceTree = "<group>";
		};
/* End PBXVariantGroup section */

/* Begin XCBuildConfiguration section */
		7043848D219CFF6000B6F67C /* Debug */ = {
			isa = XCBuildConfiguration;
			buildSettings = {
				ALWAYS_SEARCH_USER_PATHS = NO;
				CLANG_ANALYZER_NONNULL = YES;
				CLANG_ANALYZER_NUMBER_OBJECT_CONVERSION = YES_AGGRESSIVE;
				CLANG_CXX_LANGUAGE_STANDARD = "gnu++14";
				CLANG_CXX_LIBRARY = "libc++";
				CLANG_ENABLE_MODULES = YES;
				CLANG_ENABLE_OBJC_ARC = YES;
				CLANG_ENABLE_OBJC_WEAK = YES;
				CLANG_WARN_BLOCK_CAPTURE_AUTORELEASING = YES;
				CLANG_WARN_BOOL_CONVERSION = YES;
				CLANG_WARN_COMMA = YES;
				CLANG_WARN_CONSTANT_CONVERSION = YES;
				CLANG_WARN_DEPRECATED_OBJC_IMPLEMENTATIONS = YES;
				CLANG_WARN_DIRECT_OBJC_ISA_USAGE = YES_ERROR;
				CLANG_WARN_DOCUMENTATION_COMMENTS = YES;
				CLANG_WARN_EMPTY_BODY = YES;
				CLANG_WARN_ENUM_CONVERSION = YES;
				CLANG_WARN_INFINITE_RECURSION = YES;
				CLANG_WARN_INT_CONVERSION = YES;
				CLANG_WARN_NON_LITERAL_NULL_CONVERSION = YES;
				CLANG_WARN_OBJC_IMPLICIT_RETAIN_SELF = YES;
				CLANG_WARN_OBJC_LITERAL_CONVERSION = YES;
				CLANG_WARN_OBJC_ROOT_CLASS = YES_ERROR;
				CLANG_WARN_RANGE_LOOP_ANALYSIS = YES;
				CLANG_WARN_STRICT_PROTOTYPES = YES;
				CLANG_WARN_SUSPICIOUS_MOVE = YES;
				CLANG_WARN_UNGUARDED_AVAILABILITY = YES_AGGRESSIVE;
				CLANG_WARN_UNREACHABLE_CODE = YES;
				CLANG_WARN__DUPLICATE_METHOD_MATCH = YES;
				CODE_SIGN_IDENTITY = "iPhone Developer";
				COPY_PHASE_STRIP = NO;
				DEBUG_INFORMATION_FORMAT = dwarf;
				ENABLE_STRICT_OBJC_MSGSEND = YES;
				ENABLE_TESTABILITY = YES;
				GCC_C_LANGUAGE_STANDARD = gnu11;
				GCC_DYNAMIC_NO_PIC = NO;
				GCC_NO_COMMON_BLOCKS = YES;
				GCC_OPTIMIZATION_LEVEL = 0;
				GCC_PREPROCESSOR_DEFINITIONS = (
					"DEBUG=1",
					"$(inherited)",
				);
				GCC_WARN_64_TO_32_BIT_CONVERSION = YES;
				GCC_WARN_ABOUT_RETURN_TYPE = YES_ERROR;
				GCC_WARN_UNDECLARED_SELECTOR = YES;
				GCC_WARN_UNINITIALIZED_AUTOS = YES_AGGRESSIVE;
				GCC_WARN_UNUSED_FUNCTION = YES;
				GCC_WARN_UNUSED_VARIABLE = YES;
				IPHONEOS_DEPLOYMENT_TARGET = 12.1;
				MTL_ENABLE_DEBUG_INFO = INCLUDE_SOURCE;
				MTL_FAST_MATH = YES;
				ONLY_ACTIVE_ARCH = YES;
				SDKROOT = iphoneos;
				SWIFT_ACTIVE_COMPILATION_CONDITIONS = DEBUG;
				SWIFT_OPTIMIZATION_LEVEL = "-Onone";
			};
			name = Debug;
		};
		7043848E219CFF6000B6F67C /* Release */ = {
			isa = XCBuildConfiguration;
			buildSettings = {
				ALWAYS_SEARCH_USER_PATHS = NO;
				CLANG_ANALYZER_NONNULL = YES;
				CLANG_ANALYZER_NUMBER_OBJECT_CONVERSION = YES_AGGRESSIVE;
				CLANG_CXX_LANGUAGE_STANDARD = "gnu++14";
				CLANG_CXX_LIBRARY = "libc++";
				CLANG_ENABLE_MODULES = YES;
				CLANG_ENABLE_OBJC_ARC = YES;
				CLANG_ENABLE_OBJC_WEAK = YES;
				CLANG_WARN_BLOCK_CAPTURE_AUTORELEASING = YES;
				CLANG_WARN_BOOL_CONVERSION = YES;
				CLANG_WARN_COMMA = YES;
				CLANG_WARN_CONSTANT_CONVERSION = YES;
				CLANG_WARN_DEPRECATED_OBJC_IMPLEMENTATIONS = YES;
				CLANG_WARN_DIRECT_OBJC_ISA_USAGE = YES_ERROR;
				CLANG_WARN_DOCUMENTATION_COMMENTS = YES;
				CLANG_WARN_EMPTY_BODY = YES;
				CLANG_WARN_ENUM_CONVERSION = YES;
				CLANG_WARN_INFINITE_RECURSION = YES;
				CLANG_WARN_INT_CONVERSION = YES;
				CLANG_WARN_NON_LITERAL_NULL_CONVERSION = YES;
				CLANG_WARN_OBJC_IMPLICIT_RETAIN_SELF = YES;
				CLANG_WARN_OBJC_LITERAL_CONVERSION = YES;
				CLANG_WARN_OBJC_ROOT_CLASS = YES_ERROR;
				CLANG_WARN_RANGE_LOOP_ANALYSIS = YES;
				CLANG_WARN_STRICT_PROTOTYPES = YES;
				CLANG_WARN_SUSPICIOUS_MOVE = YES;
				CLANG_WARN_UNGUARDED_AVAILABILITY = YES_AGGRESSIVE;
				CLANG_WARN_UNREACHABLE_CODE = YES;
				CLANG_WARN__DUPLICATE_METHOD_MATCH = YES;
				CODE_SIGN_IDENTITY = "iPhone Developer";
				COPY_PHASE_STRIP = NO;
				DEBUG_INFORMATION_FORMAT = "dwarf-with-dsym";
				ENABLE_NS_ASSERTIONS = NO;
				ENABLE_STRICT_OBJC_MSGSEND = YES;
				GCC_C_LANGUAGE_STANDARD = gnu11;
				GCC_NO_COMMON_BLOCKS = YES;
				GCC_WARN_64_TO_32_BIT_CONVERSION = YES;
				GCC_WARN_ABOUT_RETURN_TYPE = YES_ERROR;
				GCC_WARN_UNDECLARED_SELECTOR = YES;
				GCC_WARN_UNINITIALIZED_AUTOS = YES_AGGRESSIVE;
				GCC_WARN_UNUSED_FUNCTION = YES;
				GCC_WARN_UNUSED_VARIABLE = YES;
				IPHONEOS_DEPLOYMENT_TARGET = 12.1;
				MTL_ENABLE_DEBUG_INFO = NO;
				MTL_FAST_MATH = YES;
				SDKROOT = iphoneos;
				SWIFT_COMPILATION_MODE = wholemodule;
				SWIFT_OPTIMIZATION_LEVEL = "-O";
				VALIDATE_PRODUCT = YES;
			};
			name = Release;
		};
		70438490219CFF6000B6F67C /* Debug */ = {
			isa = XCBuildConfiguration;
			buildSettings = {
				ASSETCATALOG_COMPILER_APPICON_NAME = AppIcon;
				CLANG_ENABLE_MODULES = YES;
				CODE_SIGN_STYLE = Automatic;
				DEVELOPMENT_TEAM = FKX4NKH59R;
				INFOPLIST_FILE = EncryptTools/Info.plist;
				LD_RUNPATH_SEARCH_PATHS = (
					"$(inherited)",
					"@executable_path/Frameworks",
				);
				PRODUCT_BUNDLE_IDENTIFIER = AndyCuiYTT.EncryptTools;
				PRODUCT_NAME = "$(TARGET_NAME)";
				SWIFT_OBJC_BRIDGING_HEADER = "EncryptTools/EncryptTools/EncryptTools-Bridging-Header.h";
				SWIFT_OPTIMIZATION_LEVEL = "-Onone";
				SWIFT_VERSION = 4.2;
				TARGETED_DEVICE_FAMILY = "1,2";
			};
			name = Debug;
		};
		70438491219CFF6000B6F67C /* Release */ = {
			isa = XCBuildConfiguration;
			buildSettings = {
				ASSETCATALOG_COMPILER_APPICON_NAME = AppIcon;
				CLANG_ENABLE_MODULES = YES;
				CODE_SIGN_STYLE = Automatic;
				DEVELOPMENT_TEAM = FKX4NKH59R;
				INFOPLIST_FILE = EncryptTools/Info.plist;
				LD_RUNPATH_SEARCH_PATHS = (
					"$(inherited)",
					"@executable_path/Frameworks",
				);
				PRODUCT_BUNDLE_IDENTIFIER = AndyCuiYTT.EncryptTools;
				PRODUCT_NAME = "$(TARGET_NAME)";
				SWIFT_OBJC_BRIDGING_HEADER = "EncryptTools/EncryptTools/EncryptTools-Bridging-Header.h";
				SWIFT_VERSION = 4.2;
				TARGETED_DEVICE_FAMILY = "1,2";
			};
			name = Release;
		};
/* End XCBuildConfiguration section */

/* Begin XCConfigurationList section */
		70438478219CFF5C00B6F67C /* Build configuration list for PBXProject "EncryptTools" */ = {
			isa = XCConfigurationList;
			buildConfigurations = (
				7043848D219CFF6000B6F67C /* Debug */,
				7043848E219CFF6000B6F67C /* Release */,
			);
			defaultConfigurationIsVisible = 0;
			defaultConfigurationName = Release;
		};
		7043848F219CFF6000B6F67C /* Build configuration list for PBXNativeTarget "EncryptTools" */ = {
			isa = XCConfigurationList;
			buildConfigurations = (
				70438490219CFF6000B6F67C /* Debug */,
				70438491219CFF6000B6F67C /* Release */,
			);
			defaultConfigurationIsVisible = 0;
			defaultConfigurationName = Release;
		};
/* End XCConfigurationList section */
	};
	rootObject = 70438475219CFF5C00B6F67C /* Project object */;
}
