// !$*UTF8*$!
{
	archiveVersion = 1;
	classes = {
	};
	objectVersion = 50;
	objects = {

/* Begin PBXBuildFile section */
		708CA665207C4BD300B9FE68 /* AppDelegate.swift in Sources */ = {isa = PBXBuildFile; fileRef = 708CA664207C4BD300B9FE68 /* AppDelegate.swift */; };
		708CA667207C4BD300B9FE68 /* ViewController.swift in Sources */ = {isa = PBXBuildFile; fileRef = 708CA666207C4BD300B9FE68 /* ViewController.swift */; };
		708CA66A207C4BD300B9FE68 /* Main.storyboard in Resources */ = {isa = PBXBuildFile; fileRef = 708CA668207C4BD300B9FE68 /* Main.storyboard */; };
		708CA66C207C4BD500B9FE68 /* Assets.xcassets in Resources */ = {isa = PBXBuildFile; fileRef = 708CA66B207C4BD500B9FE68 /* Assets.xcassets */; };
		708CA66F207C4BD500B9FE68 /* LaunchScreen.storyboard in Resources */ = {isa = PBXBuildFile; fileRef = 708CA66D207C4BD500B9FE68 /* LaunchScreen.storyboard */; };
		708CA67A207C4BD500B9FE68 /* EncryptToolsTests.swift in Sources */ = {isa = PBXBuildFile; fileRef = 708CA679207C4BD500B9FE68 /* EncryptToolsTests.swift */; };
		708CA685207C4BD500B9FE68 /* EncryptToolsUITests.swift in Sources */ = {isa = PBXBuildFile; fileRef = 708CA684207C4BD500B9FE68 /* EncryptToolsUITests.swift */; };
/* End PBXBuildFile section */

/* Begin PBXContainerItemProxy section */
		708CA676207C4BD500B9FE68 /* PBXContainerItemProxy */ = {
			isa = PBXContainerItemProxy;
			containerPortal = 708CA659207C4BD300B9FE68 /* Project object */;
			proxyType = 1;
			remoteGlobalIDString = 708CA660207C4BD300B9FE68;
			remoteInfo = EncryptTools;
		};
		708CA681207C4BD500B9FE68 /* PBXContainerItemProxy */ = {
			isa = PBXContainerItemProxy;
			containerPortal = 708CA659207C4BD300B9FE68 /* Project object */;
			proxyType = 1;
			remoteGlobalIDString = 708CA660207C4BD300B9FE68;
			remoteInfo = EncryptTools;
		};
/* End PBXContainerItemProxy section */

/* Begin PBXFileReference section */
		708CA661207C4BD300B9FE68 /* EncryptTools.app */ = {isa = PBXFileReference; explicitFileType = wrapper.application; includeInIndex = 0; path = EncryptTools.app; sourceTree = BUILT_PRODUCTS_DIR; };
		708CA664207C4BD300B9FE68 /* AppDelegate.swift */ = {isa = PBXFileReference; lastKnownFileType = sourcecode.swift; path = AppDelegate.swift; sourceTree = "<group>"; };
		708CA666207C4BD300B9FE68 /* ViewController.swift */ = {isa = PBXFileReference; lastKnownFileType = sourcecode.swift; path = ViewController.swift; sourceTree = "<group>"; };
		708CA669207C4BD300B9FE68 /* Base */ = {isa = PBXFileReference; lastKnownFileType = file.storyboard; name = Base; path = Base.lproj/Main.storyboard; sourceTree = "<group>"; };
		708CA66B207C4BD500B9FE68 /* Assets.xcassets */ = {isa = PBXFileReference; lastKnownFileType = folder.assetcatalog; path = Assets.xcassets; sourceTree = "<group>"; };
		708CA66E207C4BD500B9FE68 /* Base */ = {isa = PBXFileReference; lastKnownFileType = file.storyboard; name = Base; path = Base.lproj/LaunchScreen.storyboard; sourceTree = "<group>"; };
		708CA670207C4BD500B9FE68 /* Info.plist */ = {isa = PBXFileReference; lastKnownFileType = text.plist.xml; path = Info.plist; sourceTree = "<group>"; };
		708CA675207C4BD500B9FE68 /* EncryptToolsTests.xctest */ = {isa = PBXFileReference; explicitFileType = wrapper.cfbundle; includeInIndex = 0; path = EncryptToolsTests.xctest; sourceTree = BUILT_PRODUCTS_DIR; };
		708CA679207C4BD500B9FE68 /* EncryptToolsTests.swift */ = {isa = PBXFileReference; lastKnownFileType = sourcecode.swift; path = EncryptToolsTests.swift; sourceTree = "<group>"; };
		708CA67B207C4BD500B9FE68 /* Info.plist */ = {isa = PBXFileReference; lastKnownFileType = text.plist.xml; path = Info.plist; sourceTree = "<group>"; };
		708CA680207C4BD500B9FE68 /* EncryptToolsUITests.xctest */ = {isa = PBXFileReference; explicitFileType = wrapper.cfbundle; includeInIndex = 0; path = EncryptToolsUITests.xctest; sourceTree = BUILT_PRODUCTS_DIR; };
		708CA684207C4BD500B9FE68 /* EncryptToolsUITests.swift */ = {isa = PBXFileReference; lastKnownFileType = sourcecode.swift; path = EncryptToolsUITests.swift; sourceTree = "<group>"; };
		708CA686207C4BD500B9FE68 /* Info.plist */ = {isa = PBXFileReference; lastKnownFileType = text.plist.xml; path = Info.plist; sourceTree = "<group>"; };
/* End PBXFileReference section */

/* Begin PBXFrameworksBuildPhase section */
		708CA65E207C4BD300B9FE68 /* Frameworks */ = {
			isa = PBXFrameworksBuildPhase;
			buildActionMask = 2147483647;
			files = (
			);
			runOnlyForDeploymentPostprocessing = 0;
		};
		708CA672207C4BD500B9FE68 /* Frameworks */ = {
			isa = PBXFrameworksBuildPhase;
			buildActionMask = 2147483647;
			files = (
			);
			runOnlyForDeploymentPostprocessing = 0;
		};
		708CA67D207C4BD500B9FE68 /* Frameworks */ = {
			isa = PBXFrameworksBuildPhase;
			buildActionMask = 2147483647;
			files = (
			);
			runOnlyForDeploymentPostprocessing = 0;
		};
/* End PBXFrameworksBuildPhase section */

/* Begin PBXGroup section */
		708CA658207C4BD300B9FE68 = {
			isa = PBXGroup;
			children = (
				708CA663207C4BD300B9FE68 /* EncryptTools */,
				708CA678207C4BD500B9FE68 /* EncryptToolsTests */,
				708CA683207C4BD500B9FE68 /* EncryptToolsUITests */,
				708CA662207C4BD300B9FE68 /* Products */,
			);
			sourceTree = "<group>";
		};
		708CA662207C4BD300B9FE68 /* Products */ = {
			isa = PBXGroup;
			children = (
				708CA661207C4BD300B9FE68 /* EncryptTools.app */,
				708CA675207C4BD500B9FE68 /* EncryptToolsTests.xctest */,
				708CA680207C4BD500B9FE68 /* EncryptToolsUITests.xctest */,
			);
			name = Products;
			sourceTree = "<group>";
		};
		708CA663207C4BD300B9FE68 /* EncryptTools */ = {
			isa = PBXGroup;
			children = (
				708CA664207C4BD300B9FE68 /* AppDelegate.swift */,
				708CA666207C4BD300B9FE68 /* ViewController.swift */,
				708CA668207C4BD300B9FE68 /* Main.storyboard */,
				708CA66B207C4BD500B9FE68 /* Assets.xcassets */,
				708CA66D207C4BD500B9FE68 /* LaunchScreen.storyboard */,
				708CA670207C4BD500B9FE68 /* Info.plist */,
			);
			path = EncryptTools;
			sourceTree = "<group>";
		};
		708CA678207C4BD500B9FE68 /* EncryptToolsTests */ = {
			isa = PBXGroup;
			children = (
				708CA679207C4BD500B9FE68 /* EncryptToolsTests.swift */,
				708CA67B207C4BD500B9FE68 /* Info.plist */,
			);
			path = EncryptToolsTests;
			sourceTree = "<group>";
		};
		708CA683207C4BD500B9FE68 /* EncryptToolsUITests */ = {
			isa = PBXGroup;
			children = (
				708CA684207C4BD500B9FE68 /* EncryptToolsUITests.swift */,
				708CA686207C4BD500B9FE68 /* Info.plist */,
			);
			path = EncryptToolsUITests;
			sourceTree = "<group>";
		};
/* End PBXGroup section */

/* Begin PBXNativeTarget section */
		708CA660207C4BD300B9FE68 /* EncryptTools */ = {
			isa = PBXNativeTarget;
			buildConfigurationList = 708CA689207C4BD500B9FE68 /* Build configuration list for PBXNativeTarget "EncryptTools" */;
			buildPhases = (
				708CA65D207C4BD300B9FE68 /* Sources */,
				708CA65E207C4BD300B9FE68 /* Frameworks */,
				708CA65F207C4BD300B9FE68 /* Resources */,
			);
			buildRules = (
			);
			dependencies = (
			);
			name = EncryptTools;
			productName = EncryptTools;
			productReference = 708CA661207C4BD300B9FE68 /* EncryptTools.app */;
			productType = "com.apple.product-type.application";
		};
		708CA674207C4BD500B9FE68 /* EncryptToolsTests */ = {
			isa = PBXNativeTarget;
			buildConfigurationList = 708CA68C207C4BD500B9FE68 /* Build configuration list for PBXNativeTarget "EncryptToolsTests" */;
			buildPhases = (
				708CA671207C4BD500B9FE68 /* Sources */,
				708CA672207C4BD500B9FE68 /* Frameworks */,
				708CA673207C4BD500B9FE68 /* Resources */,
			);
			buildRules = (
			);
			dependencies = (
				708CA677207C4BD500B9FE68 /* PBXTargetDependency */,
			);
			name = EncryptToolsTests;
			productName = EncryptToolsTests;
			productReference = 708CA675207C4BD500B9FE68 /* EncryptToolsTests.xctest */;
			productType = "com.apple.product-type.bundle.unit-test";
		};
		708CA67F207C4BD500B9FE68 /* EncryptToolsUITests */ = {
			isa = PBXNativeTarget;
			buildConfigurationList = 708CA68F207C4BD500B9FE68 /* Build configuration list for PBXNativeTarget "EncryptToolsUITests" */;
			buildPhases = (
				708CA67C207C4BD500B9FE68 /* Sources */,
				708CA67D207C4BD500B9FE68 /* Frameworks */,
				708CA67E207C4BD500B9FE68 /* Resources */,
			);
			buildRules = (
			);
			dependencies = (
				708CA682207C4BD500B9FE68 /* PBXTargetDependency */,
			);
			name = EncryptToolsUITests;
			productName = EncryptToolsUITests;
			productReference = 708CA680207C4BD500B9FE68 /* EncryptToolsUITests.xctest */;
			productType = "com.apple.product-type.bundle.ui-testing";
		};
/* End PBXNativeTarget section */

/* Begin PBXProject section */
		708CA659207C4BD300B9FE68 /* Project object */ = {
			isa = PBXProject;
			attributes = {
				LastSwiftUpdateCheck = 0930;
				LastUpgradeCheck = 0930;
				ORGANIZATIONNAME = AndyCuiYTT;
				TargetAttributes = {
					708CA660207C4BD300B9FE68 = {
						CreatedOnToolsVersion = 9.3;
					};
					708CA674207C4BD500B9FE68 = {
						CreatedOnToolsVersion = 9.3;
						TestTargetID = 708CA660207C4BD300B9FE68;
					};
					708CA67F207C4BD500B9FE68 = {
						CreatedOnToolsVersion = 9.3;
						TestTargetID = 708CA660207C4BD300B9FE68;
					};
				};
			};
			buildConfigurationList = 708CA65C207C4BD300B9FE68 /* Build configuration list for PBXProject "EncryptTools" */;
			compatibilityVersion = "Xcode 9.3";
			developmentRegion = en;
			hasScannedForEncodings = 0;
			knownRegions = (
				en,
				Base,
			);
			mainGroup = 708CA658207C4BD300B9FE68;
			productRefGroup = 708CA662207C4BD300B9FE68 /* Products */;
			projectDirPath = "";
			projectRoot = "";
			targets = (
				708CA660207C4BD300B9FE68 /* EncryptTools */,
				708CA674207C4BD500B9FE68 /* EncryptToolsTests */,
				708CA67F207C4BD500B9FE68 /* EncryptToolsUITests */,
			);
		};
/* End PBXProject section */

/* Begin PBXResourcesBuildPhase section */
		708CA65F207C4BD300B9FE68 /* Resources */ = {
			isa = PBXResourcesBuildPhase;
			buildActionMask = 2147483647;
			files = (
				708CA66F207C4BD500B9FE68 /* LaunchScreen.storyboard in Resources */,
				708CA66C207C4BD500B9FE68 /* Assets.xcassets in Resources */,
				708CA66A207C4BD300B9FE68 /* Main.storyboard in Resources */,
			);
			runOnlyForDeploymentPostprocessing = 0;
		};
		708CA673207C4BD500B9FE68 /* Resources */ = {
			isa = PBXResourcesBuildPhase;
			buildActionMask = 2147483647;
			files = (
			);
			runOnlyForDeploymentPostprocessing = 0;
		};
		708CA67E207C4BD500B9FE68 /* Resources */ = {
			isa = PBXResourcesBuildPhase;
			buildActionMask = 2147483647;
			files = (
			);
			runOnlyForDeploymentPostprocessing = 0;
		};
/* End PBXResourcesBuildPhase section */

/* Begin PBXSourcesBuildPhase section */
		708CA65D207C4BD300B9FE68 /* Sources */ = {
			isa = PBXSourcesBuildPhase;
			buildActionMask = 2147483647;
			files = (
				708CA667207C4BD300B9FE68 /* ViewController.swift in Sources */,
				708CA665207C4BD300B9FE68 /* AppDelegate.swift in Sources */,
			);
			runOnlyForDeploymentPostprocessing = 0;
		};
		708CA671207C4BD500B9FE68 /* Sources */ = {
			isa = PBXSourcesBuildPhase;
			buildActionMask = 2147483647;
			files = (
				708CA67A207C4BD500B9FE68 /* EncryptToolsTests.swift in Sources */,
			);
			runOnlyForDeploymentPostprocessing = 0;
		};
		708CA67C207C4BD500B9FE68 /* Sources */ = {
			isa = PBXSourcesBuildPhase;
			buildActionMask = 2147483647;
			files = (
				708CA685207C4BD500B9FE68 /* EncryptToolsUITests.swift in Sources */,
			);
			runOnlyForDeploymentPostprocessing = 0;
		};
/* End PBXSourcesBuildPhase section */

/* Begin PBXTargetDependency section */
		708CA677207C4BD500B9FE68 /* PBXTargetDependency */ = {
			isa = PBXTargetDependency;
			target = 708CA660207C4BD300B9FE68 /* EncryptTools */;
			targetProxy = 708CA676207C4BD500B9FE68 /* PBXContainerItemProxy */;
		};
		708CA682207C4BD500B9FE68 /* PBXTargetDependency */ = {
			isa = PBXTargetDependency;
			target = 708CA660207C4BD300B9FE68 /* EncryptTools */;
			targetProxy = 708CA681207C4BD500B9FE68 /* PBXContainerItemProxy */;
		};
/* End PBXTargetDependency section */

/* Begin PBXVariantGroup section */
		708CA668207C4BD300B9FE68 /* Main.storyboard */ = {
			isa = PBXVariantGroup;
			children = (
				708CA669207C4BD300B9FE68 /* Base */,
			);
			name = Main.storyboard;
			sourceTree = "<group>";
		};
		708CA66D207C4BD500B9FE68 /* LaunchScreen.storyboard */ = {
			isa = PBXVariantGroup;
			children = (
				708CA66E207C4BD500B9FE68 /* Base */,
			);
			name = LaunchScreen.storyboard;
			sourceTree = "<group>";
		};
/* End PBXVariantGroup section */

/* Begin XCBuildConfiguration section */
		708CA687207C4BD500B9FE68 /* Debug */ = {
			isa = XCBuildConfiguration;
			buildSettings = {
				ALWAYS_SEARCH_USER_PATHS = NO;
				CLANG_ANALYZER_NONNULL = YES;
				CLANG_ANALYZER_NUMBER_OBJECT_CONVERSION = YES_AGGRESSIVE;
				CLANG_CXX_LANGUAGE_STANDARD = "gnu++14";
				CLANG_CXX_LIBRARY = "libc++";
				CLANG_ENABLE_MODULES = YES;
				CLANG_ENABLE_OBJC_ARC = YES;
				CLANG_ENABLE_OBJC_WEAK = YES;
				CLANG_WARN_BLOCK_CAPTURE_AUTORELEASING = YES;
				CLANG_WARN_BOOL_CONVERSION = YES;
				CLANG_WARN_COMMA = YES;
				CLANG_WARN_CONSTANT_CONVERSION = YES;
				CLANG_WARN_DEPRECATED_OBJC_IMPLEMENTATIONS = YES;
				CLANG_WARN_DIRECT_OBJC_ISA_USAGE = YES_ERROR;
				CLANG_WARN_DOCUMENTATION_COMMENTS = YES;
				CLANG_WARN_EMPTY_BODY = YES;
				CLANG_WARN_ENUM_CONVERSION = YES;
				CLANG_WARN_INFINITE_RECURSION = YES;
				CLANG_WARN_INT_CONVERSION = YES;
				CLANG_WARN_NON_LITERAL_NULL_CONVERSION = YES;
				CLANG_WARN_OBJC_IMPLICIT_RETAIN_SELF = YES;
				CLANG_WARN_OBJC_LITERAL_CONVERSION = YES;
				CLANG_WARN_OBJC_ROOT_CLASS = YES_ERROR;
				CLANG_WARN_RANGE_LOOP_ANALYSIS = YES;
				CLANG_WARN_STRICT_PROTOTYPES = YES;
				CLANG_WARN_SUSPICIOUS_MOVE = YES;
				CLANG_WARN_UNGUARDED_AVAILABILITY = YES_AGGRESSIVE;
				CLANG_WARN_UNREACHABLE_CODE = YES;
				CLANG_WARN__DUPLICATE_METHOD_MATCH = YES;
				CODE_SIGN_IDENTITY = "iPhone Developer";
				COPY_PHASE_STRIP = NO;
				DEBUG_INFORMATION_FORMAT = dwarf;
				ENABLE_STRICT_OBJC_MSGSEND = YES;
				ENABLE_TESTABILITY = YES;
				GCC_C_LANGUAGE_STANDARD = gnu11;
				GCC_DYNAMIC_NO_PIC = NO;
				GCC_NO_COMMON_BLOCKS = YES;
				GCC_OPTIMIZATION_LEVEL = 0;
				GCC_PREPROCESSOR_DEFINITIONS = (
					"DEBUG=1",
					"$(inherited)",
				);
				GCC_WARN_64_TO_32_BIT_CONVERSION = YES;
				GCC_WARN_ABOUT_RETURN_TYPE = YES_ERROR;
				GCC_WARN_UNDECLARED_SELECTOR = YES;
				GCC_WARN_UNINITIALIZED_AUTOS = YES_AGGRESSIVE;
				GCC_WARN_UNUSED_FUNCTION = YES;
				GCC_WARN_UNUSED_VARIABLE = YES;
				IPHONEOS_DEPLOYMENT_TARGET = 11.3;
				MTL_ENABLE_DEBUG_INFO = YES;
				ONLY_ACTIVE_ARCH = YES;
				SDKROOT = iphoneos;
				SWIFT_ACTIVE_COMPILATION_CONDITIONS = DEBUG;
				SWIFT_OPTIMIZATION_LEVEL = "-Onone";
			};
			name = Debug;
		};
		708CA688207C4BD500B9FE68 /* Release */ = {
			isa = XCBuildConfiguration;
			buildSettings = {
				ALWAYS_SEARCH_USER_PATHS = NO;
				CLANG_ANALYZER_NONNULL = YES;
				CLANG_ANALYZER_NUMBER_OBJECT_CONVERSION = YES_AGGRESSIVE;
				CLANG_CXX_LANGUAGE_STANDARD = "gnu++14";
				CLANG_CXX_LIBRARY = "libc++";
				CLANG_ENABLE_MODULES = YES;
				CLANG_ENABLE_OBJC_ARC = YES;
				CLANG_ENABLE_OBJC_WEAK = YES;
				CLANG_WARN_BLOCK_CAPTURE_AUTORELEASING = YES;
				CLANG_WARN_BOOL_CONVERSION = YES;
				CLANG_WARN_COMMA = YES;
				CLANG_WARN_CONSTANT_CONVERSION = YES;
				CLANG_WARN_DEPRECATED_OBJC_IMPLEMENTATIONS = YES;
				CLANG_WARN_DIRECT_OBJC_ISA_USAGE = YES_ERROR;
				CLANG_WARN_DOCUMENTATION_COMMENTS = YES;
				CLANG_WARN_EMPTY_BODY = YES;
				CLANG_WARN_ENUM_CONVERSION = YES;
				CLANG_WARN_INFINITE_RECURSION = YES;
				CLANG_WARN_INT_CONVERSION = YES;
				CLANG_WARN_NON_LITERAL_NULL_CONVERSION = YES;
				CLANG_WARN_OBJC_IMPLICIT_RETAIN_SELF = YES;
				CLANG_WARN_OBJC_LITERAL_CONVERSION = YES;
				CLANG_WARN_OBJC_ROOT_CLASS = YES_ERROR;
				CLANG_WARN_RANGE_LOOP_ANALYSIS = YES;
				CLANG_WARN_STRICT_PROTOTYPES = YES;
				CLANG_WARN_SUSPICIOUS_MOVE = YES;
				CLANG_WARN_UNGUARDED_AVAILABILITY = YES_AGGRESSIVE;
				CLANG_WARN_UNREACHABLE_CODE = YES;
				CLANG_WARN__DUPLICATE_METHOD_MATCH = YES;
				CODE_SIGN_IDENTITY = "iPhone Developer";
				COPY_PHASE_STRIP = NO;
				DEBUG_INFORMATION_FORMAT = "dwarf-with-dsym";
				ENABLE_NS_ASSERTIONS = NO;
				ENABLE_STRICT_OBJC_MSGSEND = YES;
				GCC_C_LANGUAGE_STANDARD = gnu11;
				GCC_NO_COMMON_BLOCKS = YES;
				GCC_WARN_64_TO_32_BIT_CONVERSION = YES;
				GCC_WARN_ABOUT_RETURN_TYPE = YES_ERROR;
				GCC_WARN_UNDECLARED_SELECTOR = YES;
				GCC_WARN_UNINITIALIZED_AUTOS = YES_AGGRESSIVE;
				GCC_WARN_UNUSED_FUNCTION = YES;
				GCC_WARN_UNUSED_VARIABLE = YES;
				IPHONEOS_DEPLOYMENT_TARGET = 11.3;
				MTL_ENABLE_DEBUG_INFO = NO;
				SDKROOT = iphoneos;
				SWIFT_COMPILATION_MODE = wholemodule;
				SWIFT_OPTIMIZATION_LEVEL = "-O";
				VALIDATE_PRODUCT = YES;
			};
			name = Release;
		};
		708CA68A207C4BD500B9FE68 /* Debug */ = {
			isa = XCBuildConfiguration;
			buildSettings = {
				ASSETCATALOG_COMPILER_APPICON_NAME = AppIcon;
				CODE_SIGN_STYLE = Automatic;
				INFOPLIST_FILE = EncryptTools/Info.plist;
				LD_RUNPATH_SEARCH_PATHS = (
					"$(inherited)",
					"@executable_path/Frameworks",
				);
				PRODUCT_BUNDLE_IDENTIFIER = AndyCuiYTT.EncryptTools;
				PRODUCT_NAME = "$(TARGET_NAME)";
				SWIFT_VERSION = 4.0;
				TARGETED_DEVICE_FAMILY = "1,2";
			};
			name = Debug;
		};
		708CA68B207C4BD500B9FE68 /* Release */ = {
			isa = XCBuildConfiguration;
			buildSettings = {
				ASSETCATALOG_COMPILER_APPICON_NAME = AppIcon;
				CODE_SIGN_STYLE = Automatic;
				INFOPLIST_FILE = EncryptTools/Info.plist;
				LD_RUNPATH_SEARCH_PATHS = (
					"$(inherited)",
					"@executable_path/Frameworks",
				);
				PRODUCT_BUNDLE_IDENTIFIER = AndyCuiYTT.EncryptTools;
				PRODUCT_NAME = "$(TARGET_NAME)";
				SWIFT_VERSION = 4.0;
				TARGETED_DEVICE_FAMILY = "1,2";
			};
			name = Release;
		};
		708CA68D207C4BD500B9FE68 /* Debug */ = {
			isa = XCBuildConfiguration;
			buildSettings = {
				ALWAYS_EMBED_SWIFT_STANDARD_LIBRARIES = YES;
				BUNDLE_LOADER = "$(TEST_HOST)";
				CODE_SIGN_STYLE = Automatic;
				INFOPLIST_FILE = EncryptToolsTests/Info.plist;
				LD_RUNPATH_SEARCH_PATHS = (
					"$(inherited)",
					"@executable_path/Frameworks",
					"@loader_path/Frameworks",
				);
				PRODUCT_BUNDLE_IDENTIFIER = AndyCuiYTT.EncryptToolsTests;
				PRODUCT_NAME = "$(TARGET_NAME)";
				SWIFT_VERSION = 4.0;
				TARGETED_DEVICE_FAMILY = "1,2";
				TEST_HOST = "$(BUILT_PRODUCTS_DIR)/EncryptTools.app/EncryptTools";
			};
			name = Debug;
		};
		708CA68E207C4BD500B9FE68 /* Release */ = {
			isa = XCBuildConfiguration;
			buildSettings = {
				ALWAYS_EMBED_SWIFT_STANDARD_LIBRARIES = YES;
				BUNDLE_LOADER = "$(TEST_HOST)";
				CODE_SIGN_STYLE = Automatic;
				INFOPLIST_FILE = EncryptToolsTests/Info.plist;
				LD_RUNPATH_SEARCH_PATHS = (
					"$(inherited)",
					"@executable_path/Frameworks",
					"@loader_path/Frameworks",
				);
				PRODUCT_BUNDLE_IDENTIFIER = AndyCuiYTT.EncryptToolsTests;
				PRODUCT_NAME = "$(TARGET_NAME)";
				SWIFT_VERSION = 4.0;
				TARGETED_DEVICE_FAMILY = "1,2";
				TEST_HOST = "$(BUILT_PRODUCTS_DIR)/EncryptTools.app/EncryptTools";
			};
			name = Release;
		};
		708CA690207C4BD500B9FE68 /* Debug */ = {
			isa = XCBuildConfiguration;
			buildSettings = {
				ALWAYS_EMBED_SWIFT_STANDARD_LIBRARIES = YES;
				CODE_SIGN_STYLE = Automatic;
				INFOPLIST_FILE = EncryptToolsUITests/Info.plist;
				LD_RUNPATH_SEARCH_PATHS = (
					"$(inherited)",
					"@executable_path/Frameworks",
					"@loader_path/Frameworks",
				);
				PRODUCT_BUNDLE_IDENTIFIER = AndyCuiYTT.EncryptToolsUITests;
				PRODUCT_NAME = "$(TARGET_NAME)";
				SWIFT_VERSION = 4.0;
				TARGETED_DEVICE_FAMILY = "1,2";
				TEST_TARGET_NAME = EncryptTools;
			};
			name = Debug;
		};
		708CA691207C4BD500B9FE68 /* Release */ = {
			isa = XCBuildConfiguration;
			buildSettings = {
				ALWAYS_EMBED_SWIFT_STANDARD_LIBRARIES = YES;
				CODE_SIGN_STYLE = Automatic;
				INFOPLIST_FILE = EncryptToolsUITests/Info.plist;
				LD_RUNPATH_SEARCH_PATHS = (
					"$(inherited)",
					"@executable_path/Frameworks",
					"@loader_path/Frameworks",
				);
				PRODUCT_BUNDLE_IDENTIFIER = AndyCuiYTT.EncryptToolsUITests;
				PRODUCT_NAME = "$(TARGET_NAME)";
				SWIFT_VERSION = 4.0;
				TARGETED_DEVICE_FAMILY = "1,2";
				TEST_TARGET_NAME = EncryptTools;
			};
			name = Release;
		};
/* End XCBuildConfiguration section */

/* Begin XCConfigurationList section */
		708CA65C207C4BD300B9FE68 /* Build configuration list for PBXProject "EncryptTools" */ = {
			isa = XCConfigurationList;
			buildConfigurations = (
				708CA687207C4BD500B9FE68 /* Debug */,
				708CA688207C4BD500B9FE68 /* Release */,
			);
			defaultConfigurationIsVisible = 0;
			defaultConfigurationName = Release;
		};
		708CA689207C4BD500B9FE68 /* Build configuration list for PBXNativeTarget "EncryptTools" */ = {
			isa = XCConfigurationList;
			buildConfigurations = (
				708CA68A207C4BD500B9FE68 /* Debug */,
				708CA68B207C4BD500B9FE68 /* Release */,
			);
			defaultConfigurationIsVisible = 0;
			defaultConfigurationName = Release;
		};
		708CA68C207C4BD500B9FE68 /* Build configuration list for PBXNativeTarget "EncryptToolsTests" */ = {
			isa = XCConfigurationList;
			buildConfigurations = (
				708CA68D207C4BD500B9FE68 /* Debug */,
				708CA68E207C4BD500B9FE68 /* Release */,
			);
			defaultConfigurationIsVisible = 0;
			defaultConfigurationName = Release;
		};
		708CA68F207C4BD500B9FE68 /* Build configuration list for PBXNativeTarget "EncryptToolsUITests" */ = {
			isa = XCConfigurationList;
			buildConfigurations = (
				708CA690207C4BD500B9FE68 /* Debug */,
				708CA691207C4BD500B9FE68 /* Release */,
			);
			defaultConfigurationIsVisible = 0;
			defaultConfigurationName = Release;
		};
/* End XCConfigurationList section */
	};
	rootObject = 708CA659207C4BD300B9FE68 /* Project object */;
}
